
Microsoft Visual Studio Solution File, Format Version 12.00
# Visual Studio Version 17
VisualStudioVersion = 17.4.33205.214
MinimumVisualStudioVersion = 10.0.40219.1
Project("{FAE04EC0-301F-11D3-BF4B-00C04F79EFBC}") = "lib", "ClassLibrary1\lib.csproj", "{C0B02DCB-AA1E-4587-A93C-A0B23F793241}"
EndProject
Global
	GlobalSection(SolutionConfigurationPlatforms) = preSolution
		Debug|Any CPU = Debug|Any CPU
		Release|Any CPU = Release|Any CPU
	EndGlobalSection
	GlobalSection(ProjectConfigurationPlatforms) = postSolution
		{C0B02DCB-AA1E-4587-A93C-A0B23F793241}.Debug|Any CPU.ActiveCfg = Debug|Any CPU
		{C0B02DCB-AA1E-4587-A93C-A0B23F793241}.Debug|Any CPU.Build.0 = Debug|Any CPU
		{C0B02DCB-AA1E-4587-A93C-A0B23F793241}.Release|Any CPU.ActiveCfg = Release|Any CPU
		{C0B02DCB-AA1E-4587-A93C-A0B23F793241}.Release|Any CPU.Build.0 = Release|Any CPU
	EndGlobalSection
	GlobalSection(SolutionProperties) = preSolution
		HideSolutionNode = FALSE
	EndGlobalSection
	GlobalSection(ExtensibilityGlobals) = postSolution
		SolutionGuid = {A37253C7-9C0C-460A-9ACB-8AA87FA98173}
	EndGlobalSection
EndGlobal
